
Microsoft Visual Studio Solution File, Format Version 12.00
# Visual Studio Version 17
VisualStudioVersion = 17.6.33723.286
MinimumVisualStudioVersion = 10.0.40219.1
Project("{9A19103F-16F7-4668-BE54-9A1E7A4F7556}") = "MyApiApp", "MyApiApp\MyApiApp.csproj", "{FFAB0E60-1CB1-4EC4-8E40-34F4CF00A682}"
EndProject
Project("{9A19103F-16F7-4668-BE54-9A1E7A4F7556}") = "MyDataAccess", "DataAccess\MyDataAccess.csproj", "{FA153361-6DA7-4661-84B3-AD465723E31E}"
EndProject
Project("{9A19103F-16F7-4668-BE54-9A1E7A4F7556}") = "MyRepository", "MyRepository\MyRepository.csproj", "{A4D4D08E-29E1-4583-9AF3-E755035404F4}"
EndProject
Project("{9A19103F-16F7-4668-BE54-9A1E7A4F7556}") = "MyDtos", "MyDtos\MyDtos.csproj", "{EDE09832-C320-4120-A5B5-EA10F37A804E}"
EndProject
Project("{9A19103F-16F7-4668-BE54-9A1E7A4F7556}") = "MyBlazorApp", "MyBlazorApp\MyBlazorApp.csproj", "{C7D19D8C-7E82-4D71-B710-6D84B4A1032F}"
EndProject
Global
	GlobalSection(SolutionConfigurationPlatforms) = preSolution
		Debug|Any CPU = Debug|Any CPU
		Release|Any CPU = Release|Any CPU
	EndGlobalSection
	GlobalSection(ProjectConfigurationPlatforms) = postSolution
		{FFAB0E60-1CB1-4EC4-8E40-34F4CF00A682}.Debug|Any CPU.ActiveCfg = Debug|Any CPU
		{FFAB0E60-1CB1-4EC4-8E40-34F4CF00A682}.Debug|Any CPU.Build.0 = Debug|Any CPU
		{FFAB0E60-1CB1-4EC4-8E40-34F4CF00A682}.Release|Any CPU.ActiveCfg = Release|Any CPU
		{FFAB0E60-1CB1-4EC4-8E40-34F4CF00A682}.Release|Any CPU.Build.0 = Release|Any CPU
		{FA153361-6DA7-4661-84B3-AD465723E31E}.Debug|Any CPU.ActiveCfg = Debug|Any CPU
		{FA153361-6DA7-4661-84B3-AD465723E31E}.Debug|Any CPU.Build.0 = Debug|Any CPU
		{FA153361-6DA7-4661-84B3-AD465723E31E}.Release|Any CPU.ActiveCfg = Release|Any CPU
		{FA153361-6DA7-4661-84B3-AD465723E31E}.Release|Any CPU.Build.0 = Release|Any CPU
		{A4D4D08E-29E1-4583-9AF3-E755035404F4}.Debug|Any CPU.ActiveCfg = Debug|Any CPU
		{A4D4D08E-29E1-4583-9AF3-E755035404F4}.Debug|Any CPU.Build.0 = Debug|Any CPU
		{A4D4D08E-29E1-4583-9AF3-E755035404F4}.Release|Any CPU.ActiveCfg = Release|Any CPU
		{A4D4D08E-29E1-4583-9AF3-E755035404F4}.Release|Any CPU.Build.0 = Release|Any CPU
		{EDE09832-C320-4120-A5B5-EA10F37A804E}.Debug|Any CPU.ActiveCfg = Debug|Any CPU
		{EDE09832-C320-4120-A5B5-EA10F37A804E}.Debug|Any CPU.Build.0 = Debug|Any CPU
		{EDE09832-C320-4120-A5B5-EA10F37A804E}.Release|Any CPU.ActiveCfg = Release|Any CPU
		{EDE09832-C320-4120-A5B5-EA10F37A804E}.Release|Any CPU.Build.0 = Release|Any CPU
		{C7D19D8C-7E82-4D71-B710-6D84B4A1032F}.Debug|Any CPU.ActiveCfg = Debug|Any CPU
		{C7D19D8C-7E82-4D71-B710-6D84B4A1032F}.Debug|Any CPU.Build.0 = Debug|Any CPU
		{C7D19D8C-7E82-4D71-B710-6D84B4A1032F}.Release|Any CPU.ActiveCfg = Release|Any CPU
		{C7D19D8C-7E82-4D71-B710-6D84B4A1032F}.Release|Any CPU.Build.0 = Release|Any CPU
	EndGlobalSection
	GlobalSection(SolutionProperties) = preSolution
		HideSolutionNode = FALSE
	EndGlobalSection
	GlobalSection(ExtensibilityGlobals) = postSolution
		SolutionGuid = {87D8ED4D-987E-42CA-ADFB-8593708D5003}
	EndGlobalSection
EndGlobal
